// !$*UTF8*$!
{
	archiveVersion = 1;
	classes = {
	};
	objectVersion = 56;
	objects = {

/* Begin PBXBuildFile section */
		156BDFDD2B27EAC000C88244 /* RMImageManager.swift in Sources */ = {isa = PBXBuildFile; fileRef = 156BDFDC2B27EAC000C88244 /* RMImageManager.swift */; };
		156BDFE12B28E20000C88244 /* RMCharacterPhotoCollectionViewCell.swift in Sources */ = {isa = PBXBuildFile; fileRef = 156BDFE02B28E20000C88244 /* RMCharacterPhotoCollectionViewCell.swift */; };
		156BDFE32B28E21500C88244 /* RMCharacterInfoCollectionViewCell.swift in Sources */ = {isa = PBXBuildFile; fileRef = 156BDFE22B28E21500C88244 /* RMCharacterInfoCollectionViewCell.swift */; };
		156BDFE52B28E22600C88244 /* RMCharacterEpisodeCollectionViewCell.swift in Sources */ = {isa = PBXBuildFile; fileRef = 156BDFE42B28E22600C88244 /* RMCharacterEpisodeCollectionViewCell.swift */; };
		156BDFE82B28E25F00C88244 /* RMCharacterPhotoCollectionViewCellViewModel.swift in Sources */ = {isa = PBXBuildFile; fileRef = 156BDFE72B28E25F00C88244 /* RMCharacterPhotoCollectionViewCellViewModel.swift */; };
		156BDFEA2B28E27200C88244 /* RMCharacterInfoCollectionViewCellViewModel.swift in Sources */ = {isa = PBXBuildFile; fileRef = 156BDFE92B28E27200C88244 /* RMCharacterInfoCollectionViewCellViewModel.swift */; };
		156BDFEC2B28E28300C88244 /* RMCharacterEpisodeCollectionViewCellViewModel.swift in Sources */ = {isa = PBXBuildFile; fileRef = 156BDFEB2B28E28300C88244 /* RMCharacterEpisodeCollectionViewCellViewModel.swift */; };
		156BDFEE2B291EE900C88244 /* RMEpisodeDetailViewController.swift in Sources */ = {isa = PBXBuildFile; fileRef = 156BDFED2B291EE900C88244 /* RMEpisodeDetailViewController.swift */; };
		156BDFF02B2A0D3400C88244 /* RMAPICacheManager.swift in Sources */ = {isa = PBXBuildFile; fileRef = 156BDFEF2B2A0D3400C88244 /* RMAPICacheManager.swift */; };
		156BDFF22B2A13FD00C88244 /* RMEpisodeDetailViewViewModel.swift in Sources */ = {isa = PBXBuildFile; fileRef = 156BDFF12B2A13FD00C88244 /* RMEpisodeDetailViewViewModel.swift */; };
		156BDFF42B2A145D00C88244 /* RMEpisodeDetailView.swift in Sources */ = {isa = PBXBuildFile; fileRef = 156BDFF32B2A145D00C88244 /* RMEpisodeDetailView.swift */; };
		156BDFF72B2A167200C88244 /* RMEpisodeListView.swift in Sources */ = {isa = PBXBuildFile; fileRef = 156BDFF62B2A167200C88244 /* RMEpisodeListView.swift */; };
		156BDFF92B2A218300C88244 /* RMEpisodeListViewViewModel.swift in Sources */ = {isa = PBXBuildFile; fileRef = 156BDFF82B2A218300C88244 /* RMEpisodeListViewViewModel.swift */; };
		156BDFFB2B2A257A00C88244 /* RMGetAllEpisodesResponse.swift in Sources */ = {isa = PBXBuildFile; fileRef = 156BDFFA2B2A257A00C88244 /* RMGetAllEpisodesResponse.swift */; };
		156BDFFD2B2A389100C88244 /* RMSearchViewController.swift in Sources */ = {isa = PBXBuildFile; fileRef = 156BDFFC2B2A389100C88244 /* RMSearchViewController.swift */; };
		156BE0002B2A50A000C88244 /* RMEpisodeInfoCollectionViewCell.swift in Sources */ = {isa = PBXBuildFile; fileRef = 156BDFFF2B2A50A000C88244 /* RMEpisodeInfoCollectionViewCell.swift */; };
		156BE0032B2A50F500C88244 /* RMEpisodeInfoCollectionViewCellViewModel.swift in Sources */ = {isa = PBXBuildFile; fileRef = 156BE0022B2A50F500C88244 /* RMEpisodeInfoCollectionViewCellViewModel.swift */; };
		156BE0062B2A723A00C88244 /* RMSettingsViewViewModel.swift in Sources */ = {isa = PBXBuildFile; fileRef = 156BE0052B2A723A00C88244 /* RMSettingsViewViewModel.swift */; };
		156BE0082B2A728400C88244 /* RMSettingsCellViewModel.swift in Sources */ = {isa = PBXBuildFile; fileRef = 156BE0072B2A728400C88244 /* RMSettingsCellViewModel.swift */; };
		156BE00A2B2A72FC00C88244 /* RMSettingsOption.swift in Sources */ = {isa = PBXBuildFile; fileRef = 156BE0092B2A72FC00C88244 /* RMSettingsOption.swift */; };
		156BE00D2B2A771200C88244 /* RMSettingsView.swift in Sources */ = {isa = PBXBuildFile; fileRef = 156BE00C2B2A771200C88244 /* RMSettingsView.swift */; };
		156BE0102B32102700C88244 /* RMLocationView.swift in Sources */ = {isa = PBXBuildFile; fileRef = 156BE00F2B32102700C88244 /* RMLocationView.swift */; };
		156BE0122B33454700C88244 /* RMLocationViewViewModel.swift in Sources */ = {isa = PBXBuildFile; fileRef = 156BE0112B33454700C88244 /* RMLocationViewViewModel.swift */; };
		156BE0142B33693A00C88244 /* RMGetAllLocationsResponse.swift in Sources */ = {isa = PBXBuildFile; fileRef = 156BE0132B33693A00C88244 /* RMGetAllLocationsResponse.swift */; };
		156BE0162B336C6100C88244 /* RMLocationTableViewCell.swift in Sources */ = {isa = PBXBuildFile; fileRef = 156BE0152B336C6100C88244 /* RMLocationTableViewCell.swift */; };
		156BE0192B336D1200C88244 /* RMLocationTableViewCellViewModel.swift in Sources */ = {isa = PBXBuildFile; fileRef = 156BE0182B336D1200C88244 /* RMLocationTableViewCellViewModel.swift */; };
		156BE01B2B337CAA00C88244 /* RMLocationDetailViewController.swift in Sources */ = {isa = PBXBuildFile; fileRef = 156BE01A2B337CAA00C88244 /* RMLocationDetailViewController.swift */; };
		156BE01E2B33830300C88244 /* RMLocationDetailView.swift in Sources */ = {isa = PBXBuildFile; fileRef = 156BE01D2B33830300C88244 /* RMLocationDetailView.swift */; };
		156BE0202B3383BD00C88244 /* RMLocationDetailViewModel.swift in Sources */ = {isa = PBXBuildFile; fileRef = 156BE01F2B3383BD00C88244 /* RMLocationDetailViewModel.swift */; };
		156BE0232B338A6C00C88244 /* RMSearchView.swift in Sources */ = {isa = PBXBuildFile; fileRef = 156BE0222B338A6C00C88244 /* RMSearchView.swift */; };
		156BE0252B338AFD00C88244 /* RMSearchViewViewModel.swift in Sources */ = {isa = PBXBuildFile; fileRef = 156BE0242B338AFD00C88244 /* RMSearchViewViewModel.swift */; };
		156BE0272B33924C00C88244 /* RMNoSearchResultsView.swift in Sources */ = {isa = PBXBuildFile; fileRef = 156BE0262B33924C00C88244 /* RMNoSearchResultsView.swift */; };
		156BE02A2B33927B00C88244 /* RMNoSearchResultsViewViewModel.swift in Sources */ = {isa = PBXBuildFile; fileRef = 156BE0292B33927B00C88244 /* RMNoSearchResultsViewViewModel.swift */; };
		156BE02C2B3392B100C88244 /* RMSearchInputView.swift in Sources */ = {isa = PBXBuildFile; fileRef = 156BE02B2B3392B100C88244 /* RMSearchInputView.swift */; };
		156BE02E2B3392C100C88244 /* RMSearchInputViewViewModel.swift in Sources */ = {isa = PBXBuildFile; fileRef = 156BE02D2B3392C100C88244 /* RMSearchInputViewViewModel.swift */; };
		156BE0302B34E70C00C88244 /* RMSearchOptionPickerViewController.swift in Sources */ = {isa = PBXBuildFile; fileRef = 156BE02F2B34E70C00C88244 /* RMSearchOptionPickerViewController.swift */; };
		158D00A52B1FBBD900E049CC /* AppDelegate.swift in Sources */ = {isa = PBXBuildFile; fileRef = 158D00A42B1FBBD900E049CC /* AppDelegate.swift */; };
		158D00A72B1FBBD900E049CC /* SceneDelegate.swift in Sources */ = {isa = PBXBuildFile; fileRef = 158D00A62B1FBBD900E049CC /* SceneDelegate.swift */; };
		158D00A92B1FBBD900E049CC /* RMTabViewController.swift in Sources */ = {isa = PBXBuildFile; fileRef = 158D00A82B1FBBD900E049CC /* RMTabViewController.swift */; };
		158D00AE2B1FBBD900E049CC /* Assets.xcassets in Resources */ = {isa = PBXBuildFile; fileRef = 158D00AD2B1FBBD900E049CC /* Assets.xcassets */; };
		158D00B12B1FBBD900E049CC /* LaunchScreen.storyboard in Resources */ = {isa = PBXBuildFile; fileRef = 158D00AF2B1FBBD900E049CC /* LaunchScreen.storyboard */; };
		158D00BC2B1FBBD900E049CC /* RickAndMortyTests.swift in Sources */ = {isa = PBXBuildFile; fileRef = 158D00BB2B1FBBD900E049CC /* RickAndMortyTests.swift */; };
		158D00C62B1FBBDA00E049CC /* RickAndMortyUITests.swift in Sources */ = {isa = PBXBuildFile; fileRef = 158D00C52B1FBBDA00E049CC /* RickAndMortyUITests.swift */; };
		158D00C82B1FBBDA00E049CC /* RickAndMortyUITestsLaunchTests.swift in Sources */ = {isa = PBXBuildFile; fileRef = 158D00C72B1FBBDA00E049CC /* RickAndMortyUITestsLaunchTests.swift */; };
		158D00DC2B1FBED100E049CC /* RMLocation.swift in Sources */ = {isa = PBXBuildFile; fileRef = 158D00DB2B1FBED100E049CC /* RMLocation.swift */; };
		158D00DE2B1FBEDB00E049CC /* RMCharacter.swift in Sources */ = {isa = PBXBuildFile; fileRef = 158D00DD2B1FBEDB00E049CC /* RMCharacter.swift */; };
		158D00E02B1FBEE500E049CC /* RMEpisode.swift in Sources */ = {isa = PBXBuildFile; fileRef = 158D00DF2B1FBEE500E049CC /* RMEpisode.swift */; };
		158D00E32B1FBF4C00E049CC /* RMCharacterViewController.swift in Sources */ = {isa = PBXBuildFile; fileRef = 158D00E22B1FBF4C00E049CC /* RMCharacterViewController.swift */; };
		158D00E52B1FBF5C00E049CC /* RMLocationViewController.swift in Sources */ = {isa = PBXBuildFile; fileRef = 158D00E42B1FBF5C00E049CC /* RMLocationViewController.swift */; };
		158D00E72B1FBF9100E049CC /* RMEpisodeViewController.swift in Sources */ = {isa = PBXBuildFile; fileRef = 158D00E62B1FBF9100E049CC /* RMEpisodeViewController.swift */; };
		158D00E92B1FBFA300E049CC /* RMSettingsViewController.swift in Sources */ = {isa = PBXBuildFile; fileRef = 158D00E82B1FBFA300E049CC /* RMSettingsViewController.swift */; };
		158D00EB2B1FD36C00E049CC /* RMService.swift in Sources */ = {isa = PBXBuildFile; fileRef = 158D00EA2B1FD36C00E049CC /* RMService.swift */; };
		158D00ED2B1FD37700E049CC /* RMRequest.swift in Sources */ = {isa = PBXBuildFile; fileRef = 158D00EC2B1FD37700E049CC /* RMRequest.swift */; };
		158D00EF2B1FD3ED00E049CC /* RMEndpoint.swift in Sources */ = {isa = PBXBuildFile; fileRef = 158D00EE2B1FD3ED00E049CC /* RMEndpoint.swift */; };
		158D00F12B1FE00200E049CC /* RMOrigin.swift in Sources */ = {isa = PBXBuildFile; fileRef = 158D00F02B1FE00200E049CC /* RMOrigin.swift */; };
		158D00F32B1FE05000E049CC /* RMSingleLocation.swift in Sources */ = {isa = PBXBuildFile; fileRef = 158D00F22B1FE05000E049CC /* RMSingleLocation.swift */; };
		158D00F52B1FE1AA00E049CC /* RMCharacterStatus.swift in Sources */ = {isa = PBXBuildFile; fileRef = 158D00F42B1FE1AA00E049CC /* RMCharacterStatus.swift */; };
		158D00F72B1FE1CA00E049CC /* RMCharacterGender.swift in Sources */ = {isa = PBXBuildFile; fileRef = 158D00F62B1FE1CA00E049CC /* RMCharacterGender.swift */; };
		158D00FB2B22705D00E049CC /* RMGetAllCharactersResponse.swift in Sources */ = {isa = PBXBuildFile; fileRef = 158D00FA2B22705D00E049CC /* RMGetAllCharactersResponse.swift */; };
		158D00FD2B23C5C900E049CC /* RMCharacterListViewViewModel.swift in Sources */ = {isa = PBXBuildFile; fileRef = 158D00FC2B23C5C900E049CC /* RMCharacterListViewViewModel.swift */; };
		158D00FF2B23C61A00E049CC /* RMCharacterListView.swift in Sources */ = {isa = PBXBuildFile; fileRef = 158D00FE2B23C61A00E049CC /* RMCharacterListView.swift */; };
		158D01022B23C9CD00E049CC /* Extensions.swift in Sources */ = {isa = PBXBuildFile; fileRef = 158D01012B23C9CD00E049CC /* Extensions.swift */; };
		158D01042B24195100E049CC /* RMCharacterCollectionViewCell.swift in Sources */ = {isa = PBXBuildFile; fileRef = 158D01032B24195100E049CC /* RMCharacterCollectionViewCell.swift */; };
		158D01062B241BE500E049CC /* RMCharacterCollectionViewCellViewModel.swift in Sources */ = {isa = PBXBuildFile; fileRef = 158D01052B241BE500E049CC /* RMCharacterCollectionViewCellViewModel.swift */; };
		158D01092B24CB8300E049CC /* RMCharacterDetailViewController.swift in Sources */ = {isa = PBXBuildFile; fileRef = 158D01082B24CB8300E049CC /* RMCharacterDetailViewController.swift */; };
		158D010B2B24CDAD00E049CC /* RMCharcaterDetailView.swift in Sources */ = {isa = PBXBuildFile; fileRef = 158D010A2B24CDAD00E049CC /* RMCharcaterDetailView.swift */; };
		158D010D2B24CDD600E049CC /* RMCharacterDetailViewViewModel.swift in Sources */ = {isa = PBXBuildFile; fileRef = 158D010C2B24CDD600E049CC /* RMCharacterDetailViewViewModel.swift */; };
		158D010F2B24D90300E049CC /* RMFooterLoadingCollectionReusableView.swift in Sources */ = {isa = PBXBuildFile; fileRef = 158D010E2B24D90300E049CC /* RMFooterLoadingCollectionReusableView.swift */; };
/* End PBXBuildFile section */

/* Begin PBXContainerItemProxy section */
		158D00B82B1FBBD900E049CC /* PBXContainerItemProxy */ = {
			isa = PBXContainerItemProxy;
			containerPortal = 158D00992B1FBBD900E049CC /* Project object */;
			proxyType = 1;
			remoteGlobalIDString = 158D00A02B1FBBD900E049CC;
			remoteInfo = RickAndMorty;
		};
		158D00C22B1FBBDA00E049CC /* PBXContainerItemProxy */ = {
			isa = PBXContainerItemProxy;
			containerPortal = 158D00992B1FBBD900E049CC /* Project object */;
			proxyType = 1;
			remoteGlobalIDString = 158D00A02B1FBBD900E049CC;
			remoteInfo = RickAndMorty;
		};
/* End PBXContainerItemProxy section */

/* Begin PBXFileReference section */
		156BDFDC2B27EAC000C88244 /* RMImageManager.swift */ = {isa = PBXFileReference; lastKnownFileType = sourcecode.swift; path = RMImageManager.swift; sourceTree = "<group>"; };
		156BDFE02B28E20000C88244 /* RMCharacterPhotoCollectionViewCell.swift */ = {isa = PBXFileReference; lastKnownFileType = sourcecode.swift; path = RMCharacterPhotoCollectionViewCell.swift; sourceTree = "<group>"; };
		156BDFE22B28E21500C88244 /* RMCharacterInfoCollectionViewCell.swift */ = {isa = PBXFileReference; lastKnownFileType = sourcecode.swift; path = RMCharacterInfoCollectionViewCell.swift; sourceTree = "<group>"; };
		156BDFE42B28E22600C88244 /* RMCharacterEpisodeCollectionViewCell.swift */ = {isa = PBXFileReference; lastKnownFileType = sourcecode.swift; path = RMCharacterEpisodeCollectionViewCell.swift; sourceTree = "<group>"; };
		156BDFE72B28E25F00C88244 /* RMCharacterPhotoCollectionViewCellViewModel.swift */ = {isa = PBXFileReference; lastKnownFileType = sourcecode.swift; path = RMCharacterPhotoCollectionViewCellViewModel.swift; sourceTree = "<group>"; };
		156BDFE92B28E27200C88244 /* RMCharacterInfoCollectionViewCellViewModel.swift */ = {isa = PBXFileReference; lastKnownFileType = sourcecode.swift; path = RMCharacterInfoCollectionViewCellViewModel.swift; sourceTree = "<group>"; };
		156BDFEB2B28E28300C88244 /* RMCharacterEpisodeCollectionViewCellViewModel.swift */ = {isa = PBXFileReference; lastKnownFileType = sourcecode.swift; path = RMCharacterEpisodeCollectionViewCellViewModel.swift; sourceTree = "<group>"; };
		156BDFED2B291EE900C88244 /* RMEpisodeDetailViewController.swift */ = {isa = PBXFileReference; lastKnownFileType = sourcecode.swift; path = RMEpisodeDetailViewController.swift; sourceTree = "<group>"; };
		156BDFEF2B2A0D3400C88244 /* RMAPICacheManager.swift */ = {isa = PBXFileReference; lastKnownFileType = sourcecode.swift; path = RMAPICacheManager.swift; sourceTree = "<group>"; };
		156BDFF12B2A13FD00C88244 /* RMEpisodeDetailViewViewModel.swift */ = {isa = PBXFileReference; lastKnownFileType = sourcecode.swift; path = RMEpisodeDetailViewViewModel.swift; sourceTree = "<group>"; };
		156BDFF32B2A145D00C88244 /* RMEpisodeDetailView.swift */ = {isa = PBXFileReference; lastKnownFileType = sourcecode.swift; path = RMEpisodeDetailView.swift; sourceTree = "<group>"; };
		156BDFF62B2A167200C88244 /* RMEpisodeListView.swift */ = {isa = PBXFileReference; lastKnownFileType = sourcecode.swift; path = RMEpisodeListView.swift; sourceTree = "<group>"; };
		156BDFF82B2A218300C88244 /* RMEpisodeListViewViewModel.swift */ = {isa = PBXFileReference; lastKnownFileType = sourcecode.swift; path = RMEpisodeListViewViewModel.swift; sourceTree = "<group>"; };
		156BDFFA2B2A257A00C88244 /* RMGetAllEpisodesResponse.swift */ = {isa = PBXFileReference; lastKnownFileType = sourcecode.swift; path = RMGetAllEpisodesResponse.swift; sourceTree = "<group>"; };
		156BDFFC2B2A389100C88244 /* RMSearchViewController.swift */ = {isa = PBXFileReference; lastKnownFileType = sourcecode.swift; path = RMSearchViewController.swift; sourceTree = "<group>"; };
		156BDFFF2B2A50A000C88244 /* RMEpisodeInfoCollectionViewCell.swift */ = {isa = PBXFileReference; lastKnownFileType = sourcecode.swift; path = RMEpisodeInfoCollectionViewCell.swift; sourceTree = "<group>"; };
		156BE0022B2A50F500C88244 /* RMEpisodeInfoCollectionViewCellViewModel.swift */ = {isa = PBXFileReference; lastKnownFileType = sourcecode.swift; path = RMEpisodeInfoCollectionViewCellViewModel.swift; sourceTree = "<group>"; };
		156BE0052B2A723A00C88244 /* RMSettingsViewViewModel.swift */ = {isa = PBXFileReference; lastKnownFileType = sourcecode.swift; path = RMSettingsViewViewModel.swift; sourceTree = "<group>"; };
		156BE0072B2A728400C88244 /* RMSettingsCellViewModel.swift */ = {isa = PBXFileReference; lastKnownFileType = sourcecode.swift; path = RMSettingsCellViewModel.swift; sourceTree = "<group>"; };
		156BE0092B2A72FC00C88244 /* RMSettingsOption.swift */ = {isa = PBXFileReference; lastKnownFileType = sourcecode.swift; path = RMSettingsOption.swift; sourceTree = "<group>"; };
		156BE00C2B2A771200C88244 /* RMSettingsView.swift */ = {isa = PBXFileReference; lastKnownFileType = sourcecode.swift; path = RMSettingsView.swift; sourceTree = "<group>"; };
		156BE00F2B32102700C88244 /* RMLocationView.swift */ = {isa = PBXFileReference; lastKnownFileType = sourcecode.swift; path = RMLocationView.swift; sourceTree = "<group>"; };
		156BE0112B33454700C88244 /* RMLocationViewViewModel.swift */ = {isa = PBXFileReference; lastKnownFileType = sourcecode.swift; path = RMLocationViewViewModel.swift; sourceTree = "<group>"; };
		156BE0132B33693A00C88244 /* RMGetAllLocationsResponse.swift */ = {isa = PBXFileReference; lastKnownFileType = sourcecode.swift; path = RMGetAllLocationsResponse.swift; sourceTree = "<group>"; };
		156BE0152B336C6100C88244 /* RMLocationTableViewCell.swift */ = {isa = PBXFileReference; lastKnownFileType = sourcecode.swift; path = RMLocationTableViewCell.swift; sourceTree = "<group>"; };
		156BE0182B336D1200C88244 /* RMLocationTableViewCellViewModel.swift */ = {isa = PBXFileReference; lastKnownFileType = sourcecode.swift; path = RMLocationTableViewCellViewModel.swift; sourceTree = "<group>"; };
		156BE01A2B337CAA00C88244 /* RMLocationDetailViewController.swift */ = {isa = PBXFileReference; lastKnownFileType = sourcecode.swift; path = RMLocationDetailViewController.swift; sourceTree = "<group>"; };
		156BE01D2B33830300C88244 /* RMLocationDetailView.swift */ = {isa = PBXFileReference; lastKnownFileType = sourcecode.swift; path = RMLocationDetailView.swift; sourceTree = "<group>"; };
		156BE01F2B3383BD00C88244 /* RMLocationDetailViewModel.swift */ = {isa = PBXFileReference; lastKnownFileType = sourcecode.swift; path = RMLocationDetailViewModel.swift; sourceTree = "<group>"; };
		156BE0222B338A6C00C88244 /* RMSearchView.swift */ = {isa = PBXFileReference; lastKnownFileType = sourcecode.swift; path = RMSearchView.swift; sourceTree = "<group>"; };
		156BE0242B338AFD00C88244 /* RMSearchViewViewModel.swift */ = {isa = PBXFileReference; lastKnownFileType = sourcecode.swift; path = RMSearchViewViewModel.swift; sourceTree = "<group>"; };
		156BE0262B33924C00C88244 /* RMNoSearchResultsView.swift */ = {isa = PBXFileReference; lastKnownFileType = sourcecode.swift; path = RMNoSearchResultsView.swift; sourceTree = "<group>"; };
		156BE0292B33927B00C88244 /* RMNoSearchResultsViewViewModel.swift */ = {isa = PBXFileReference; lastKnownFileType = sourcecode.swift; path = RMNoSearchResultsViewViewModel.swift; sourceTree = "<group>"; };
		156BE02B2B3392B100C88244 /* RMSearchInputView.swift */ = {isa = PBXFileReference; lastKnownFileType = sourcecode.swift; path = RMSearchInputView.swift; sourceTree = "<group>"; };
		156BE02D2B3392C100C88244 /* RMSearchInputViewViewModel.swift */ = {isa = PBXFileReference; lastKnownFileType = sourcecode.swift; path = RMSearchInputViewViewModel.swift; sourceTree = "<group>"; };
		156BE02F2B34E70C00C88244 /* RMSearchOptionPickerViewController.swift */ = {isa = PBXFileReference; lastKnownFileType = sourcecode.swift; path = RMSearchOptionPickerViewController.swift; sourceTree = "<group>"; };
		158D00A12B1FBBD900E049CC /* RickAndMorty.app */ = {isa = PBXFileReference; explicitFileType = wrapper.application; includeInIndex = 0; path = RickAndMorty.app; sourceTree = BUILT_PRODUCTS_DIR; };
		158D00A42B1FBBD900E049CC /* AppDelegate.swift */ = {isa = PBXFileReference; lastKnownFileType = sourcecode.swift; path = AppDelegate.swift; sourceTree = "<group>"; };
		158D00A62B1FBBD900E049CC /* SceneDelegate.swift */ = {isa = PBXFileReference; lastKnownFileType = sourcecode.swift; path = SceneDelegate.swift; sourceTree = "<group>"; };
		158D00A82B1FBBD900E049CC /* RMTabViewController.swift */ = {isa = PBXFileReference; lastKnownFileType = sourcecode.swift; path = RMTabViewController.swift; sourceTree = "<group>"; };
		158D00AD2B1FBBD900E049CC /* Assets.xcassets */ = {isa = PBXFileReference; lastKnownFileType = folder.assetcatalog; path = Assets.xcassets; sourceTree = "<group>"; };
		158D00B02B1FBBD900E049CC /* Base */ = {isa = PBXFileReference; lastKnownFileType = file.storyboard; name = Base; path = Base.lproj/LaunchScreen.storyboard; sourceTree = "<group>"; };
		158D00B22B1FBBD900E049CC /* Info.plist */ = {isa = PBXFileReference; lastKnownFileType = text.plist.xml; path = Info.plist; sourceTree = "<group>"; };
		158D00B72B1FBBD900E049CC /* RickAndMortyTests.xctest */ = {isa = PBXFileReference; explicitFileType = wrapper.cfbundle; includeInIndex = 0; path = RickAndMortyTests.xctest; sourceTree = BUILT_PRODUCTS_DIR; };
		158D00BB2B1FBBD900E049CC /* RickAndMortyTests.swift */ = {isa = PBXFileReference; lastKnownFileType = sourcecode.swift; path = RickAndMortyTests.swift; sourceTree = "<group>"; };
		158D00C12B1FBBDA00E049CC /* RickAndMortyUITests.xctest */ = {isa = PBXFileReference; explicitFileType = wrapper.cfbundle; includeInIndex = 0; path = RickAndMortyUITests.xctest; sourceTree = BUILT_PRODUCTS_DIR; };
		158D00C52B1FBBDA00E049CC /* RickAndMortyUITests.swift */ = {isa = PBXFileReference; lastKnownFileType = sourcecode.swift; path = RickAndMortyUITests.swift; sourceTree = "<group>"; };
		158D00C72B1FBBDA00E049CC /* RickAndMortyUITestsLaunchTests.swift */ = {isa = PBXFileReference; lastKnownFileType = sourcecode.swift; path = RickAndMortyUITestsLaunchTests.swift; sourceTree = "<group>"; };
		158D00DB2B1FBED100E049CC /* RMLocation.swift */ = {isa = PBXFileReference; lastKnownFileType = sourcecode.swift; path = RMLocation.swift; sourceTree = "<group>"; };
		158D00DD2B1FBEDB00E049CC /* RMCharacter.swift */ = {isa = PBXFileReference; lastKnownFileType = sourcecode.swift; path = RMCharacter.swift; sourceTree = "<group>"; };
		158D00DF2B1FBEE500E049CC /* RMEpisode.swift */ = {isa = PBXFileReference; lastKnownFileType = sourcecode.swift; path = RMEpisode.swift; sourceTree = "<group>"; };
		158D00E22B1FBF4C00E049CC /* RMCharacterViewController.swift */ = {isa = PBXFileReference; lastKnownFileType = sourcecode.swift; path = RMCharacterViewController.swift; sourceTree = "<group>"; };
		158D00E42B1FBF5C00E049CC /* RMLocationViewController.swift */ = {isa = PBXFileReference; lastKnownFileType = sourcecode.swift; path = RMLocationViewController.swift; sourceTree = "<group>"; };
		158D00E62B1FBF9100E049CC /* RMEpisodeViewController.swift */ = {isa = PBXFileReference; lastKnownFileType = sourcecode.swift; path = RMEpisodeViewController.swift; sourceTree = "<group>"; };
		158D00E82B1FBFA300E049CC /* RMSettingsViewController.swift */ = {isa = PBXFileReference; lastKnownFileType = sourcecode.swift; path = RMSettingsViewController.swift; sourceTree = "<group>"; };
		158D00EA2B1FD36C00E049CC /* RMService.swift */ = {isa = PBXFileReference; lastKnownFileType = sourcecode.swift; path = RMService.swift; sourceTree = "<group>"; };
		158D00EC2B1FD37700E049CC /* RMRequest.swift */ = {isa = PBXFileReference; lastKnownFileType = sourcecode.swift; path = RMRequest.swift; sourceTree = "<group>"; };
		158D00EE2B1FD3ED00E049CC /* RMEndpoint.swift */ = {isa = PBXFileReference; lastKnownFileType = sourcecode.swift; path = RMEndpoint.swift; sourceTree = "<group>"; };
		158D00F02B1FE00200E049CC /* RMOrigin.swift */ = {isa = PBXFileReference; lastKnownFileType = sourcecode.swift; path = RMOrigin.swift; sourceTree = "<group>"; };
		158D00F22B1FE05000E049CC /* RMSingleLocation.swift */ = {isa = PBXFileReference; lastKnownFileType = sourcecode.swift; path = RMSingleLocation.swift; sourceTree = "<group>"; };
		158D00F42B1FE1AA00E049CC /* RMCharacterStatus.swift */ = {isa = PBXFileReference; lastKnownFileType = sourcecode.swift; path = RMCharacterStatus.swift; sourceTree = "<group>"; };
		158D00F62B1FE1CA00E049CC /* RMCharacterGender.swift */ = {isa = PBXFileReference; lastKnownFileType = sourcecode.swift; path = RMCharacterGender.swift; sourceTree = "<group>"; };
		158D00FA2B22705D00E049CC /* RMGetAllCharactersResponse.swift */ = {isa = PBXFileReference; lastKnownFileType = sourcecode.swift; path = RMGetAllCharactersResponse.swift; sourceTree = "<group>"; };
		158D00FC2B23C5C900E049CC /* RMCharacterListViewViewModel.swift */ = {isa = PBXFileReference; lastKnownFileType = sourcecode.swift; path = RMCharacterListViewViewModel.swift; sourceTree = "<group>"; };
		158D00FE2B23C61A00E049CC /* RMCharacterListView.swift */ = {isa = PBXFileReference; lastKnownFileType = sourcecode.swift; path = RMCharacterListView.swift; sourceTree = "<group>"; };
		158D01012B23C9CD00E049CC /* Extensions.swift */ = {isa = PBXFileReference; lastKnownFileType = sourcecode.swift; path = Extensions.swift; sourceTree = "<group>"; };
		158D01032B24195100E049CC /* RMCharacterCollectionViewCell.swift */ = {isa = PBXFileReference; lastKnownFileType = sourcecode.swift; path = RMCharacterCollectionViewCell.swift; sourceTree = "<group>"; };
		158D01052B241BE500E049CC /* RMCharacterCollectionViewCellViewModel.swift */ = {isa = PBXFileReference; lastKnownFileType = sourcecode.swift; path = RMCharacterCollectionViewCellViewModel.swift; sourceTree = "<group>"; };
		158D01082B24CB8300E049CC /* RMCharacterDetailViewController.swift */ = {isa = PBXFileReference; lastKnownFileType = sourcecode.swift; path = RMCharacterDetailViewController.swift; sourceTree = "<group>"; };
		158D010A2B24CDAD00E049CC /* RMCharcaterDetailView.swift */ = {isa = PBXFileReference; lastKnownFileType = sourcecode.swift; path = RMCharcaterDetailView.swift; sourceTree = "<group>"; };
		158D010C2B24CDD600E049CC /* RMCharacterDetailViewViewModel.swift */ = {isa = PBXFileReference; lastKnownFileType = sourcecode.swift; path = RMCharacterDetailViewViewModel.swift; sourceTree = "<group>"; };
		158D010E2B24D90300E049CC /* RMFooterLoadingCollectionReusableView.swift */ = {isa = PBXFileReference; lastKnownFileType = sourcecode.swift; path = RMFooterLoadingCollectionReusableView.swift; sourceTree = "<group>"; };
/* End PBXFileReference section */

/* Begin PBXFrameworksBuildPhase section */
		158D009E2B1FBBD900E049CC /* Frameworks */ = {
			isa = PBXFrameworksBuildPhase;
			buildActionMask = 2147483647;
			files = (
			);
			runOnlyForDeploymentPostprocessing = 0;
		};
		158D00B42B1FBBD900E049CC /* Frameworks */ = {
			isa = PBXFrameworksBuildPhase;
			buildActionMask = 2147483647;
			files = (
			);
			runOnlyForDeploymentPostprocessing = 0;
		};
		158D00BE2B1FBBDA00E049CC /* Frameworks */ = {
			isa = PBXFrameworksBuildPhase;
			buildActionMask = 2147483647;
			files = (
			);
			runOnlyForDeploymentPostprocessing = 0;
		};
/* End PBXFrameworksBuildPhase section */

/* Begin PBXGroup section */
		156BDFDE2B28E0EA00C88244 /* CharacterDetails */ = {
			isa = PBXGroup;
			children = (
				158D010A2B24CDAD00E049CC /* RMCharcaterDetailView.swift */,
				156BDFE02B28E20000C88244 /* RMCharacterPhotoCollectionViewCell.swift */,
				156BDFE22B28E21500C88244 /* RMCharacterInfoCollectionViewCell.swift */,
				156BDFE42B28E22600C88244 /* RMCharacterEpisodeCollectionViewCell.swift */,
			);
			path = CharacterDetails;
			sourceTree = "<group>";
		};
		156BDFDF2B28E10400C88244 /* Character */ = {
			isa = PBXGroup;
			children = (
				158D00FE2B23C61A00E049CC /* RMCharacterListView.swift */,
				158D01032B24195100E049CC /* RMCharacterCollectionViewCell.swift */,
			);
			path = Character;
			sourceTree = "<group>";
		};
		156BDFE62B28E23900C88244 /* CharacterDetail */ = {
			isa = PBXGroup;
			children = (
				158D010C2B24CDD600E049CC /* RMCharacterDetailViewViewModel.swift */,
				156BDFE72B28E25F00C88244 /* RMCharacterPhotoCollectionViewCellViewModel.swift */,
				156BDFE92B28E27200C88244 /* RMCharacterInfoCollectionViewCellViewModel.swift */,
				156BDFEB2B28E28300C88244 /* RMCharacterEpisodeCollectionViewCellViewModel.swift */,
			);
			path = CharacterDetail;
			sourceTree = "<group>";
		};
		156BDFF52B2A166000C88244 /* Episode */ = {
			isa = PBXGroup;
			children = (
				156BDFF62B2A167200C88244 /* RMEpisodeListView.swift */,
			);
			path = Episode;
			sourceTree = "<group>";
		};
		156BDFFE2B2A505C00C88244 /* EpisodeDetails */ = {
			isa = PBXGroup;
			children = (
				156BDFF32B2A145D00C88244 /* RMEpisodeDetailView.swift */,
				156BDFFF2B2A50A000C88244 /* RMEpisodeInfoCollectionViewCell.swift */,
			);
			path = EpisodeDetails;
			sourceTree = "<group>";
		};
		156BE0012B2A50BB00C88244 /* EpisodeDetail */ = {
			isa = PBXGroup;
			children = (
				156BDFF12B2A13FD00C88244 /* RMEpisodeDetailViewViewModel.swift */,
				156BE0022B2A50F500C88244 /* RMEpisodeInfoCollectionViewCellViewModel.swift */,
			);
			path = EpisodeDetail;
			sourceTree = "<group>";
		};
		156BE0042B2A722500C88244 /* Settings */ = {
			isa = PBXGroup;
			children = (
				156BE0052B2A723A00C88244 /* RMSettingsViewViewModel.swift */,
				156BE0072B2A728400C88244 /* RMSettingsCellViewModel.swift */,
				156BE0092B2A72FC00C88244 /* RMSettingsOption.swift */,
			);
			path = Settings;
			sourceTree = "<group>";
		};
		156BE00B2B2A76FD00C88244 /* SwiftUI */ = {
			isa = PBXGroup;
			children = (
				156BE00C2B2A771200C88244 /* RMSettingsView.swift */,
			);
			path = SwiftUI;
			sourceTree = "<group>";
		};
		156BE00E2B32100C00C88244 /* Location */ = {
			isa = PBXGroup;
			children = (
				156BE00F2B32102700C88244 /* RMLocationView.swift */,
				156BE0152B336C6100C88244 /* RMLocationTableViewCell.swift */,
			);
			path = Location;
			sourceTree = "<group>";
		};
		156BE0172B336CFA00C88244 /* Locations */ = {
			isa = PBXGroup;
			children = (
				156BE0112B33454700C88244 /* RMLocationViewViewModel.swift */,
				156BE0182B336D1200C88244 /* RMLocationTableViewCellViewModel.swift */,
				156BE01F2B3383BD00C88244 /* RMLocationDetailViewModel.swift */,
			);
			path = Locations;
			sourceTree = "<group>";
		};
		156BE01C2B3382EA00C88244 /* LocationDetails */ = {
			isa = PBXGroup;
			children = (
				156BE01D2B33830300C88244 /* RMLocationDetailView.swift */,
			);
			path = LocationDetails;
			sourceTree = "<group>";
		};
		156BE0212B338A5500C88244 /* Search */ = {
			isa = PBXGroup;
			children = (
				156BE0222B338A6C00C88244 /* RMSearchView.swift */,
				156BE0262B33924C00C88244 /* RMNoSearchResultsView.swift */,
				156BE02B2B3392B100C88244 /* RMSearchInputView.swift */,
			);
			path = Search;
			sourceTree = "<group>";
		};
		156BE0282B33925900C88244 /* Search */ = {
			isa = PBXGroup;
			children = (
				156BE0242B338AFD00C88244 /* RMSearchViewViewModel.swift */,
				156BE0292B33927B00C88244 /* RMNoSearchResultsViewViewModel.swift */,
				156BE02D2B3392C100C88244 /* RMSearchInputViewViewModel.swift */,
			);
			path = Search;
			sourceTree = "<group>";
		};
		156BE0312B34E84100C88244 /* Search */ = {
			isa = PBXGroup;
			children = (
				156BDFFC2B2A389100C88244 /* RMSearchViewController.swift */,
				156BE02F2B34E70C00C88244 /* RMSearchOptionPickerViewController.swift */,
			);
			path = Search;
			sourceTree = "<group>";
		};
		158D00982B1FBBD900E049CC = {
			isa = PBXGroup;
			children = (
				158D00A32B1FBBD900E049CC /* RickAndMorty */,
				158D00BA2B1FBBD900E049CC /* RickAndMortyTests */,
				158D00C42B1FBBDA00E049CC /* RickAndMortyUITests */,
				158D00A22B1FBBD900E049CC /* Products */,
			);
			sourceTree = "<group>";
		};
		158D00A22B1FBBD900E049CC /* Products */ = {
			isa = PBXGroup;
			children = (
				158D00A12B1FBBD900E049CC /* RickAndMorty.app */,
				158D00B72B1FBBD900E049CC /* RickAndMortyTests.xctest */,
				158D00C12B1FBBDA00E049CC /* RickAndMortyUITests.xctest */,
			);
			name = Products;
			sourceTree = "<group>";
		};
		158D00A32B1FBBD900E049CC /* RickAndMorty */ = {
			isa = PBXGroup;
			children = (
				158D00DA2B1FBE5400E049CC /* Resources */,
				158D00D92B1FBE4C00E049CC /* APIClient */,
				158D00D82B1FBE3F00E049CC /* Managers */,
				158D00D72B1FBE3700E049CC /* ViewModels */,
				158D00D62B1FBE3100E049CC /* Views */,
				158D00D52B1FBE2A00E049CC /* Models */,
				158D00D42B1FBE1F00E049CC /* Controllers */,
				158D00B22B1FBBD900E049CC /* Info.plist */,
			);
			path = RickAndMorty;
			sourceTree = "<group>";
		};
		158D00BA2B1FBBD900E049CC /* RickAndMortyTests */ = {
			isa = PBXGroup;
			children = (
				158D00BB2B1FBBD900E049CC /* RickAndMortyTests.swift */,
			);
			path = RickAndMortyTests;
			sourceTree = "<group>";
		};
		158D00C42B1FBBDA00E049CC /* RickAndMortyUITests */ = {
			isa = PBXGroup;
			children = (
				158D00C52B1FBBDA00E049CC /* RickAndMortyUITests.swift */,
				158D00C72B1FBBDA00E049CC /* RickAndMortyUITestsLaunchTests.swift */,
			);
			path = RickAndMortyUITests;
			sourceTree = "<group>";
		};
		158D00D42B1FBE1F00E049CC /* Controllers */ = {
			isa = PBXGroup;
			children = (
				158D01072B24CB6900E049CC /* Other */,
				158D00E12B1FBF2500E049CC /* Core */,
			);
			path = Controllers;
			sourceTree = "<group>";
		};
		158D00D52B1FBE2A00E049CC /* Models */ = {
			isa = PBXGroup;
			children = (
				158D00F92B22703400E049CC /* APIResponseTypes */,
				158D00F82B22701900E049CC /* DataTypes */,
			);
			path = Models;
			sourceTree = "<group>";
		};
		158D00D62B1FBE3100E049CC /* Views */ = {
			isa = PBXGroup;
			children = (
				156BE0212B338A5500C88244 /* Search */,
				156BE01C2B3382EA00C88244 /* LocationDetails */,
				156BE00E2B32100C00C88244 /* Location */,
				156BE00B2B2A76FD00C88244 /* SwiftUI */,
				156BDFFE2B2A505C00C88244 /* EpisodeDetails */,
				156BDFF52B2A166000C88244 /* Episode */,
				156BDFDF2B28E10400C88244 /* Character */,
				156BDFDE2B28E0EA00C88244 /* CharacterDetails */,
				158D010E2B24D90300E049CC /* RMFooterLoadingCollectionReusableView.swift */,
			);
			path = Views;
			sourceTree = "<group>";
		};
		158D00D72B1FBE3700E049CC /* ViewModels */ = {
			isa = PBXGroup;
			children = (
				156BE0282B33925900C88244 /* Search */,
				156BE0172B336CFA00C88244 /* Locations */,
				156BE0042B2A722500C88244 /* Settings */,
				156BE0012B2A50BB00C88244 /* EpisodeDetail */,
				156BDFE62B28E23900C88244 /* CharacterDetail */,
				158D00FC2B23C5C900E049CC /* RMCharacterListViewViewModel.swift */,
				158D01052B241BE500E049CC /* RMCharacterCollectionViewCellViewModel.swift */,
				156BDFF82B2A218300C88244 /* RMEpisodeListViewViewModel.swift */,
			);
			path = ViewModels;
			sourceTree = "<group>";
		};
		158D00D82B1FBE3F00E049CC /* Managers */ = {
			isa = PBXGroup;
			children = (
				156BDFDC2B27EAC000C88244 /* RMImageManager.swift */,
				156BDFEF2B2A0D3400C88244 /* RMAPICacheManager.swift */,
			);
			path = Managers;
			sourceTree = "<group>";
		};
		158D00D92B1FBE4C00E049CC /* APIClient */ = {
			isa = PBXGroup;
			children = (
				158D00EA2B1FD36C00E049CC /* RMService.swift */,
				158D00EC2B1FD37700E049CC /* RMRequest.swift */,
				158D00EE2B1FD3ED00E049CC /* RMEndpoint.swift */,
			);
			path = APIClient;
			sourceTree = "<group>";
		};
		158D00DA2B1FBE5400E049CC /* Resources */ = {
			isa = PBXGroup;
			children = (
				158D00A42B1FBBD900E049CC /* AppDelegate.swift */,
				158D00A62B1FBBD900E049CC /* SceneDelegate.swift */,
				158D00AD2B1FBBD900E049CC /* Assets.xcassets */,
				158D00AF2B1FBBD900E049CC /* LaunchScreen.storyboard */,
				158D01012B23C9CD00E049CC /* Extensions.swift */,
			);
			path = Resources;
			sourceTree = "<group>";
		};
		158D00E12B1FBF2500E049CC /* Core */ = {
			isa = PBXGroup;
			children = (
				158D00A82B1FBBD900E049CC /* RMTabViewController.swift */,
				158D00E22B1FBF4C00E049CC /* RMCharacterViewController.swift */,
				158D00E42B1FBF5C00E049CC /* RMLocationViewController.swift */,
				158D00E62B1FBF9100E049CC /* RMEpisodeViewController.swift */,
				158D00E82B1FBFA300E049CC /* RMSettingsViewController.swift */,
			);
			path = Core;
			sourceTree = "<group>";
		};
		158D00F82B22701900E049CC /* DataTypes */ = {
			isa = PBXGroup;
			children = (
				158D00DB2B1FBED100E049CC /* RMLocation.swift */,
				158D00DD2B1FBEDB00E049CC /* RMCharacter.swift */,
				158D00DF2B1FBEE500E049CC /* RMEpisode.swift */,
				158D00F02B1FE00200E049CC /* RMOrigin.swift */,
				158D00F22B1FE05000E049CC /* RMSingleLocation.swift */,
				158D00F42B1FE1AA00E049CC /* RMCharacterStatus.swift */,
				158D00F62B1FE1CA00E049CC /* RMCharacterGender.swift */,
			);
			path = DataTypes;
			sourceTree = "<group>";
		};
		158D00F92B22703400E049CC /* APIResponseTypes */ = {
			isa = PBXGroup;
			children = (
				158D00FA2B22705D00E049CC /* RMGetAllCharactersResponse.swift */,
				156BDFFA2B2A257A00C88244 /* RMGetAllEpisodesResponse.swift */,
				156BE0132B33693A00C88244 /* RMGetAllLocationsResponse.swift */,
			);
			path = APIResponseTypes;
			sourceTree = "<group>";
		};
		158D01072B24CB6900E049CC /* Other */ = {
			isa = PBXGroup;
			children = (
				156BE0312B34E84100C88244 /* Search */,
				158D01082B24CB8300E049CC /* RMCharacterDetailViewController.swift */,
				156BDFED2B291EE900C88244 /* RMEpisodeDetailViewController.swift */,
				156BE01A2B337CAA00C88244 /* RMLocationDetailViewController.swift */,
			);
			path = Other;
			sourceTree = "<group>";
		};
/* End PBXGroup section */

/* Begin PBXNativeTarget section */
		158D00A02B1FBBD900E049CC /* RickAndMorty */ = {
			isa = PBXNativeTarget;
			buildConfigurationList = 158D00CB2B1FBBDA00E049CC /* Build configuration list for PBXNativeTarget "RickAndMorty" */;
			buildPhases = (
				158D009D2B1FBBD900E049CC /* Sources */,
				158D009E2B1FBBD900E049CC /* Frameworks */,
				158D009F2B1FBBD900E049CC /* Resources */,
			);
			buildRules = (
			);
			dependencies = (
			);
			name = RickAndMorty;
			productName = RickAndMorty;
			productReference = 158D00A12B1FBBD900E049CC /* RickAndMorty.app */;
			productType = "com.apple.product-type.application";
		};
		158D00B62B1FBBD900E049CC /* RickAndMortyTests */ = {
			isa = PBXNativeTarget;
			buildConfigurationList = 158D00CE2B1FBBDA00E049CC /* Build configuration list for PBXNativeTarget "RickAndMortyTests" */;
			buildPhases = (
				158D00B32B1FBBD900E049CC /* Sources */,
				158D00B42B1FBBD900E049CC /* Frameworks */,
				158D00B52B1FBBD900E049CC /* Resources */,
			);
			buildRules = (
			);
			dependencies = (
				158D00B92B1FBBD900E049CC /* PBXTargetDependency */,
			);
			name = RickAndMortyTests;
			productName = RickAndMortyTests;
			productReference = 158D00B72B1FBBD900E049CC /* RickAndMortyTests.xctest */;
			productType = "com.apple.product-type.bundle.unit-test";
		};
		158D00C02B1FBBDA00E049CC /* RickAndMortyUITests */ = {
			isa = PBXNativeTarget;
			buildConfigurationList = 158D00D12B1FBBDA00E049CC /* Build configuration list for PBXNativeTarget "RickAndMortyUITests" */;
			buildPhases = (
				158D00BD2B1FBBDA00E049CC /* Sources */,
				158D00BE2B1FBBDA00E049CC /* Frameworks */,
				158D00BF2B1FBBDA00E049CC /* Resources */,
			);
			buildRules = (
			);
			dependencies = (
				158D00C32B1FBBDA00E049CC /* PBXTargetDependency */,
			);
			name = RickAndMortyUITests;
			productName = RickAndMortyUITests;
			productReference = 158D00C12B1FBBDA00E049CC /* RickAndMortyUITests.xctest */;
			productType = "com.apple.product-type.bundle.ui-testing";
		};
/* End PBXNativeTarget section */

/* Begin PBXProject section */
		158D00992B1FBBD900E049CC /* Project object */ = {
			isa = PBXProject;
			attributes = {
				BuildIndependentTargetsInParallel = 1;
				LastSwiftUpdateCheck = 1500;
				LastUpgradeCheck = 1500;
				TargetAttributes = {
					158D00A02B1FBBD900E049CC = {
						CreatedOnToolsVersion = 15.0.1;
					};
					158D00B62B1FBBD900E049CC = {
						CreatedOnToolsVersion = 15.0.1;
						TestTargetID = 158D00A02B1FBBD900E049CC;
					};
					158D00C02B1FBBDA00E049CC = {
						CreatedOnToolsVersion = 15.0.1;
						TestTargetID = 158D00A02B1FBBD900E049CC;
					};
				};
			};
			buildConfigurationList = 158D009C2B1FBBD900E049CC /* Build configuration list for PBXProject "RickAndMorty" */;
			compatibilityVersion = "Xcode 14.0";
			developmentRegion = en;
			hasScannedForEncodings = 0;
			knownRegions = (
				en,
				Base,
			);
			mainGroup = 158D00982B1FBBD900E049CC;
			productRefGroup = 158D00A22B1FBBD900E049CC /* Products */;
			projectDirPath = "";
			projectRoot = "";
			targets = (
				158D00A02B1FBBD900E049CC /* RickAndMorty */,
				158D00B62B1FBBD900E049CC /* RickAndMortyTests */,
				158D00C02B1FBBDA00E049CC /* RickAndMortyUITests */,
			);
		};
/* End PBXProject section */

/* Begin PBXResourcesBuildPhase section */
		158D009F2B1FBBD900E049CC /* Resources */ = {
			isa = PBXResourcesBuildPhase;
			buildActionMask = 2147483647;
			files = (
				158D00B12B1FBBD900E049CC /* LaunchScreen.storyboard in Resources */,
				158D00AE2B1FBBD900E049CC /* Assets.xcassets in Resources */,
			);
			runOnlyForDeploymentPostprocessing = 0;
		};
		158D00B52B1FBBD900E049CC /* Resources */ = {
			isa = PBXResourcesBuildPhase;
			buildActionMask = 2147483647;
			files = (
			);
			runOnlyForDeploymentPostprocessing = 0;
		};
		158D00BF2B1FBBDA00E049CC /* Resources */ = {
			isa = PBXResourcesBuildPhase;
			buildActionMask = 2147483647;
			files = (
			);
			runOnlyForDeploymentPostprocessing = 0;
		};
/* End PBXResourcesBuildPhase section */

/* Begin PBXSourcesBuildPhase section */
		158D009D2B1FBBD900E049CC /* Sources */ = {
			isa = PBXSourcesBuildPhase;
			buildActionMask = 2147483647;
			files = (
				158D00F12B1FE00200E049CC /* RMOrigin.swift in Sources */,
				158D010D2B24CDD600E049CC /* RMCharacterDetailViewViewModel.swift in Sources */,
				158D00F32B1FE05000E049CC /* RMSingleLocation.swift in Sources */,
				156BDFFD2B2A389100C88244 /* RMSearchViewController.swift in Sources */,
				156BE0252B338AFD00C88244 /* RMSearchViewViewModel.swift in Sources */,
				158D00FB2B22705D00E049CC /* RMGetAllCharactersResponse.swift in Sources */,
				156BE02A2B33927B00C88244 /* RMNoSearchResultsViewViewModel.swift in Sources */,
				158D010B2B24CDAD00E049CC /* RMCharcaterDetailView.swift in Sources */,
				158D00F52B1FE1AA00E049CC /* RMCharacterStatus.swift in Sources */,
				158D00F72B1FE1CA00E049CC /* RMCharacterGender.swift in Sources */,
				156BE00A2B2A72FC00C88244 /* RMSettingsOption.swift in Sources */,
				158D00E52B1FBF5C00E049CC /* RMLocationViewController.swift in Sources */,
				156BE0272B33924C00C88244 /* RMNoSearchResultsView.swift in Sources */,
				158D010F2B24D90300E049CC /* RMFooterLoadingCollectionReusableView.swift in Sources */,
				156BDFF72B2A167200C88244 /* RMEpisodeListView.swift in Sources */,
				158D01092B24CB8300E049CC /* RMCharacterDetailViewController.swift in Sources */,
				156BE0142B33693A00C88244 /* RMGetAllLocationsResponse.swift in Sources */,
				158D00E02B1FBEE500E049CC /* RMEpisode.swift in Sources */,
				156BE0162B336C6100C88244 /* RMLocationTableViewCell.swift in Sources */,
				156BDFE32B28E21500C88244 /* RMCharacterInfoCollectionViewCell.swift in Sources */,
				156BE0202B3383BD00C88244 /* RMLocationDetailViewModel.swift in Sources */,
				156BE0062B2A723A00C88244 /* RMSettingsViewViewModel.swift in Sources */,
				158D00A92B1FBBD900E049CC /* RMTabViewController.swift in Sources */,
				158D00E72B1FBF9100E049CC /* RMEpisodeViewController.swift in Sources */,
				156BE02E2B3392C100C88244 /* RMSearchInputViewViewModel.swift in Sources */,
				156BDFEA2B28E27200C88244 /* RMCharacterInfoCollectionViewCellViewModel.swift in Sources */,
				158D01042B24195100E049CC /* RMCharacterCollectionViewCell.swift in Sources */,
				158D00FD2B23C5C900E049CC /* RMCharacterListViewViewModel.swift in Sources */,
				156BE01B2B337CAA00C88244 /* RMLocationDetailViewController.swift in Sources */,
				158D00A52B1FBBD900E049CC /* AppDelegate.swift in Sources */,
				158D00A72B1FBBD900E049CC /* SceneDelegate.swift in Sources */,
				156BDFE12B28E20000C88244 /* RMCharacterPhotoCollectionViewCell.swift in Sources */,
				156BDFEC2B28E28300C88244 /* RMCharacterEpisodeCollectionViewCellViewModel.swift in Sources */,
				156BE0082B2A728400C88244 /* RMSettingsCellViewModel.swift in Sources */,
				156BE00D2B2A771200C88244 /* RMSettingsView.swift in Sources */,
				156BE0232B338A6C00C88244 /* RMSearchView.swift in Sources */,
				158D00E92B1FBFA300E049CC /* RMSettingsViewController.swift in Sources */,
				158D01022B23C9CD00E049CC /* Extensions.swift in Sources */,
				156BE02C2B3392B100C88244 /* RMSearchInputView.swift in Sources */,
				156BDFE82B28E25F00C88244 /* RMCharacterPhotoCollectionViewCellViewModel.swift in Sources */,
				156BE0032B2A50F500C88244 /* RMEpisodeInfoCollectionViewCellViewModel.swift in Sources */,
				158D00EB2B1FD36C00E049CC /* RMService.swift in Sources */,
				158D00DC2B1FBED100E049CC /* RMLocation.swift in Sources */,
				158D00FF2B23C61A00E049CC /* RMCharacterListView.swift in Sources */,
				156BDFEE2B291EE900C88244 /* RMEpisodeDetailViewController.swift in Sources */,
				156BE01E2B33830300C88244 /* RMLocationDetailView.swift in Sources */,
				156BE0302B34E70C00C88244 /* RMSearchOptionPickerViewController.swift in Sources */,
				156BE0192B336D1200C88244 /* RMLocationTableViewCellViewModel.swift in Sources */,
				156BDFF42B2A145D00C88244 /* RMEpisodeDetailView.swift in Sources */,
				158D00EF2B1FD3ED00E049CC /* RMEndpoint.swift in Sources */,
				156BDFDD2B27EAC000C88244 /* RMImageManager.swift in Sources */,
				158D01062B241BE500E049CC /* RMCharacterCollectionViewCellViewModel.swift in Sources */,
				158D00DE2B1FBEDB00E049CC /* RMCharacter.swift in Sources */,
				156BDFE52B28E22600C88244 /* RMCharacterEpisodeCollectionViewCell.swift in Sources */,
				156BE0102B32102700C88244 /* RMLocationView.swift in Sources */,
				158D00ED2B1FD37700E049CC /* RMRequest.swift in Sources */,
				156BDFF92B2A218300C88244 /* RMEpisodeListViewViewModel.swift in Sources */,
				156BDFF02B2A0D3400C88244 /* RMAPICacheManager.swift in Sources */,
				156BDFFB2B2A257A00C88244 /* RMGetAllEpisodesResponse.swift in Sources */,
				156BE0002B2A50A000C88244 /* RMEpisodeInfoCollectionViewCell.swift in Sources */,
				156BDFF22B2A13FD00C88244 /* RMEpisodeDetailViewViewModel.swift in Sources */,
				158D00E32B1FBF4C00E049CC /* RMCharacterViewController.swift in Sources */,
				156BE0122B33454700C88244 /* RMLocationViewViewModel.swift in Sources */,
			);
			runOnlyForDeploymentPostprocessing = 0;
		};
		158D00B32B1FBBD900E049CC /* Sources */ = {
			isa = PBXSourcesBuildPhase;
			buildActionMask = 2147483647;
			files = (
				158D00BC2B1FBBD900E049CC /* RickAndMortyTests.swift in Sources */,
			);
			runOnlyForDeploymentPostprocessing = 0;
		};
		158D00BD2B1FBBDA00E049CC /* Sources */ = {
			isa = PBXSourcesBuildPhase;
			buildActionMask = 2147483647;
			files = (
				158D00C62B1FBBDA00E049CC /* RickAndMortyUITests.swift in Sources */,
				158D00C82B1FBBDA00E049CC /* RickAndMortyUITestsLaunchTests.swift in Sources */,
			);
			runOnlyForDeploymentPostprocessing = 0;
		};
/* End PBXSourcesBuildPhase section */

/* Begin PBXTargetDependency section */
		158D00B92B1FBBD900E049CC /* PBXTargetDependency */ = {
			isa = PBXTargetDependency;
			target = 158D00A02B1FBBD900E049CC /* RickAndMorty */;
			targetProxy = 158D00B82B1FBBD900E049CC /* PBXContainerItemProxy */;
		};
		158D00C32B1FBBDA00E049CC /* PBXTargetDependency */ = {
			isa = PBXTargetDependency;
			target = 158D00A02B1FBBD900E049CC /* RickAndMorty */;
			targetProxy = 158D00C22B1FBBDA00E049CC /* PBXContainerItemProxy */;
		};
/* End PBXTargetDependency section */

/* Begin PBXVariantGroup section */
		158D00AF2B1FBBD900E049CC /* LaunchScreen.storyboard */ = {
			isa = PBXVariantGroup;
			children = (
				158D00B02B1FBBD900E049CC /* Base */,
			);
			name = LaunchScreen.storyboard;
			sourceTree = "<group>";
		};
/* End PBXVariantGroup section */

/* Begin XCBuildConfiguration section */
		158D00C92B1FBBDA00E049CC /* Debug */ = {
			isa = XCBuildConfiguration;
			buildSettings = {
				ALWAYS_SEARCH_USER_PATHS = NO;
				ASSETCATALOG_COMPILER_GENERATE_SWIFT_ASSET_SYMBOL_EXTENSIONS = YES;
				CLANG_ANALYZER_NONNULL = YES;
				CLANG_ANALYZER_NUMBER_OBJECT_CONVERSION = YES_AGGRESSIVE;
				CLANG_CXX_LANGUAGE_STANDARD = "gnu++20";
				CLANG_ENABLE_MODULES = YES;
				CLANG_ENABLE_OBJC_ARC = YES;
				CLANG_ENABLE_OBJC_WEAK = YES;
				CLANG_WARN_BLOCK_CAPTURE_AUTORELEASING = YES;
				CLANG_WARN_BOOL_CONVERSION = YES;
				CLANG_WARN_COMMA = YES;
				CLANG_WARN_CONSTANT_CONVERSION = YES;
				CLANG_WARN_DEPRECATED_OBJC_IMPLEMENTATIONS = YES;
				CLANG_WARN_DIRECT_OBJC_ISA_USAGE = YES_ERROR;
				CLANG_WARN_DOCUMENTATION_COMMENTS = YES;
				CLANG_WARN_EMPTY_BODY = YES;
				CLANG_WARN_ENUM_CONVERSION = YES;
				CLANG_WARN_INFINITE_RECURSION = YES;
				CLANG_WARN_INT_CONVERSION = YES;
				CLANG_WARN_NON_LITERAL_NULL_CONVERSION = YES;
				CLANG_WARN_OBJC_IMPLICIT_RETAIN_SELF = YES;
				CLANG_WARN_OBJC_LITERAL_CONVERSION = YES;
				CLANG_WARN_OBJC_ROOT_CLASS = YES_ERROR;
				CLANG_WARN_QUOTED_INCLUDE_IN_FRAMEWORK_HEADER = YES;
				CLANG_WARN_RANGE_LOOP_ANALYSIS = YES;
				CLANG_WARN_STRICT_PROTOTYPES = YES;
				CLANG_WARN_SUSPICIOUS_MOVE = YES;
				CLANG_WARN_UNGUARDED_AVAILABILITY = YES_AGGRESSIVE;
				CLANG_WARN_UNREACHABLE_CODE = YES;
				CLANG_WARN__DUPLICATE_METHOD_MATCH = YES;
				COPY_PHASE_STRIP = NO;
				DEBUG_INFORMATION_FORMAT = dwarf;
				ENABLE_STRICT_OBJC_MSGSEND = YES;
				ENABLE_TESTABILITY = YES;
				ENABLE_USER_SCRIPT_SANDBOXING = YES;
				GCC_C_LANGUAGE_STANDARD = gnu17;
				GCC_DYNAMIC_NO_PIC = NO;
				GCC_NO_COMMON_BLOCKS = YES;
				GCC_OPTIMIZATION_LEVEL = 0;
				GCC_PREPROCESSOR_DEFINITIONS = (
					"DEBUG=1",
					"$(inherited)",
				);
				GCC_WARN_64_TO_32_BIT_CONVERSION = YES;
				GCC_WARN_ABOUT_RETURN_TYPE = YES_ERROR;
				GCC_WARN_UNDECLARED_SELECTOR = YES;
				GCC_WARN_UNINITIALIZED_AUTOS = YES_AGGRESSIVE;
				GCC_WARN_UNUSED_FUNCTION = YES;
				GCC_WARN_UNUSED_VARIABLE = YES;
				IPHONEOS_DEPLOYMENT_TARGET = 16.0;
				LOCALIZATION_PREFERS_STRING_CATALOGS = YES;
				MTL_ENABLE_DEBUG_INFO = INCLUDE_SOURCE;
				MTL_FAST_MATH = YES;
				ONLY_ACTIVE_ARCH = YES;
				SDKROOT = iphoneos;
				SWIFT_ACTIVE_COMPILATION_CONDITIONS = "DEBUG $(inherited)";
				SWIFT_OPTIMIZATION_LEVEL = "-Onone";
			};
			name = Debug;
		};
		158D00CA2B1FBBDA00E049CC /* Release */ = {
			isa = XCBuildConfiguration;
			buildSettings = {
				ALWAYS_SEARCH_USER_PATHS = NO;
				ASSETCATALOG_COMPILER_GENERATE_SWIFT_ASSET_SYMBOL_EXTENSIONS = YES;
				CLANG_ANALYZER_NONNULL = YES;
				CLANG_ANALYZER_NUMBER_OBJECT_CONVERSION = YES_AGGRESSIVE;
				CLANG_CXX_LANGUAGE_STANDARD = "gnu++20";
				CLANG_ENABLE_MODULES = YES;
				CLANG_ENABLE_OBJC_ARC = YES;
				CLANG_ENABLE_OBJC_WEAK = YES;
				CLANG_WARN_BLOCK_CAPTURE_AUTORELEASING = YES;
				CLANG_WARN_BOOL_CONVERSION = YES;
				CLANG_WARN_COMMA = YES;
				CLANG_WARN_CONSTANT_CONVERSION = YES;
				CLANG_WARN_DEPRECATED_OBJC_IMPLEMENTATIONS = YES;
				CLANG_WARN_DIRECT_OBJC_ISA_USAGE = YES_ERROR;
				CLANG_WARN_DOCUMENTATION_COMMENTS = YES;
				CLANG_WARN_EMPTY_BODY = YES;
				CLANG_WARN_ENUM_CONVERSION = YES;
				CLANG_WARN_INFINITE_RECURSION = YES;
				CLANG_WARN_INT_CONVERSION = YES;
				CLANG_WARN_NON_LITERAL_NULL_CONVERSION = YES;
				CLANG_WARN_OBJC_IMPLICIT_RETAIN_SELF = YES;
				CLANG_WARN_OBJC_LITERAL_CONVERSION = YES;
				CLANG_WARN_OBJC_ROOT_CLASS = YES_ERROR;
				CLANG_WARN_QUOTED_INCLUDE_IN_FRAMEWORK_HEADER = YES;
				CLANG_WARN_RANGE_LOOP_ANALYSIS = YES;
				CLANG_WARN_STRICT_PROTOTYPES = YES;
				CLANG_WARN_SUSPICIOUS_MOVE = YES;
				CLANG_WARN_UNGUARDED_AVAILABILITY = YES_AGGRESSIVE;
				CLANG_WARN_UNREACHABLE_CODE = YES;
				CLANG_WARN__DUPLICATE_METHOD_MATCH = YES;
				COPY_PHASE_STRIP = NO;
				DEBUG_INFORMATION_FORMAT = "dwarf-with-dsym";
				ENABLE_NS_ASSERTIONS = NO;
				ENABLE_STRICT_OBJC_MSGSEND = YES;
				ENABLE_USER_SCRIPT_SANDBOXING = YES;
				GCC_C_LANGUAGE_STANDARD = gnu17;
				GCC_NO_COMMON_BLOCKS = YES;
				GCC_WARN_64_TO_32_BIT_CONVERSION = YES;
				GCC_WARN_ABOUT_RETURN_TYPE = YES_ERROR;
				GCC_WARN_UNDECLARED_SELECTOR = YES;
				GCC_WARN_UNINITIALIZED_AUTOS = YES_AGGRESSIVE;
				GCC_WARN_UNUSED_FUNCTION = YES;
				GCC_WARN_UNUSED_VARIABLE = YES;
				IPHONEOS_DEPLOYMENT_TARGET = 16.0;
				LOCALIZATION_PREFERS_STRING_CATALOGS = YES;
				MTL_ENABLE_DEBUG_INFO = NO;
				MTL_FAST_MATH = YES;
				SDKROOT = iphoneos;
				SWIFT_COMPILATION_MODE = wholemodule;
				VALIDATE_PRODUCT = YES;
			};
			name = Release;
		};
		158D00CC2B1FBBDA00E049CC /* Debug */ = {
			isa = XCBuildConfiguration;
			buildSettings = {
				ASSETCATALOG_COMPILER_APPICON_NAME = AppIcon;
				ASSETCATALOG_COMPILER_GLOBAL_ACCENT_COLOR_NAME = AccentColor;
				CODE_SIGN_STYLE = Automatic;
				CURRENT_PROJECT_VERSION = 1;
				DEVELOPMENT_TEAM = 9UMVJMZB96;
				GENERATE_INFOPLIST_FILE = YES;
				INFOPLIST_FILE = RickAndMorty/Info.plist;
				INFOPLIST_KEY_CFBundleDisplayName = "Rick & Morty";
				INFOPLIST_KEY_LSApplicationCategoryType = "public.app-category.education";
				INFOPLIST_KEY_UIApplicationSupportsIndirectInputEvents = YES;
				INFOPLIST_KEY_UILaunchStoryboardName = LaunchScreen;
				INFOPLIST_KEY_UISupportedInterfaceOrientations_iPad = "UIInterfaceOrientationPortrait UIInterfaceOrientationPortraitUpsideDown UIInterfaceOrientationLandscapeLeft UIInterfaceOrientationLandscapeRight";
				INFOPLIST_KEY_UISupportedInterfaceOrientations_iPhone = "UIInterfaceOrientationPortrait UIInterfaceOrientationLandscapeLeft UIInterfaceOrientationLandscapeRight";
				LD_RUNPATH_SEARCH_PATHS = (
					"$(inherited)",
					"@executable_path/Frameworks",
				);
				MARKETING_VERSION = 1.0;
				PRODUCT_BUNDLE_IDENTIFIER = com.seanveal.RickAndMorty;
				PRODUCT_NAME = "$(TARGET_NAME)";
				SWIFT_EMIT_LOC_STRINGS = YES;
				SWIFT_VERSION = 5.0;
				TARGETED_DEVICE_FAMILY = "1,2";
			};
			name = Debug;
		};
		158D00CD2B1FBBDA00E049CC /* Release */ = {
			isa = XCBuildConfiguration;
			buildSettings = {
				ASSETCATALOG_COMPILER_APPICON_NAME = AppIcon;
				ASSETCATALOG_COMPILER_GLOBAL_ACCENT_COLOR_NAME = AccentColor;
				CODE_SIGN_STYLE = Automatic;
				CURRENT_PROJECT_VERSION = 1;
				DEVELOPMENT_TEAM = 9UMVJMZB96;
				GENERATE_INFOPLIST_FILE = YES;
				INFOPLIST_FILE = RickAndMorty/Info.plist;
				INFOPLIST_KEY_CFBundleDisplayName = "Rick & Morty";
				INFOPLIST_KEY_LSApplicationCategoryType = "public.app-category.education";
				INFOPLIST_KEY_UIApplicationSupportsIndirectInputEvents = YES;
				INFOPLIST_KEY_UILaunchStoryboardName = LaunchScreen;
				INFOPLIST_KEY_UISupportedInterfaceOrientations_iPad = "UIInterfaceOrientationPortrait UIInterfaceOrientationPortraitUpsideDown UIInterfaceOrientationLandscapeLeft UIInterfaceOrientationLandscapeRight";
				INFOPLIST_KEY_UISupportedInterfaceOrientations_iPhone = "UIInterfaceOrientationPortrait UIInterfaceOrientationLandscapeLeft UIInterfaceOrientationLandscapeRight";
				LD_RUNPATH_SEARCH_PATHS = (
					"$(inherited)",
					"@executable_path/Frameworks",
				);
				MARKETING_VERSION = 1.0;
				PRODUCT_BUNDLE_IDENTIFIER = com.seanveal.RickAndMorty;
				PRODUCT_NAME = "$(TARGET_NAME)";
				SWIFT_EMIT_LOC_STRINGS = YES;
				SWIFT_VERSION = 5.0;
				TARGETED_DEVICE_FAMILY = "1,2";
			};
			name = Release;
		};
		158D00CF2B1FBBDA00E049CC /* Debug */ = {
			isa = XCBuildConfiguration;
			buildSettings = {
				ALWAYS_EMBED_SWIFT_STANDARD_LIBRARIES = YES;
				BUNDLE_LOADER = "$(TEST_HOST)";
				CODE_SIGN_STYLE = Automatic;
				CURRENT_PROJECT_VERSION = 1;
				DEVELOPMENT_TEAM = 9UMVJMZB96;
				GENERATE_INFOPLIST_FILE = YES;
				IPHONEOS_DEPLOYMENT_TARGET = 17.0;
				MARKETING_VERSION = 1.0;
				PRODUCT_BUNDLE_IDENTIFIER = com.seanveal.RickAndMortyTests;
				PRODUCT_NAME = "$(TARGET_NAME)";
				SWIFT_EMIT_LOC_STRINGS = NO;
				SWIFT_VERSION = 5.0;
				TARGETED_DEVICE_FAMILY = "1,2";
				TEST_HOST = "$(BUILT_PRODUCTS_DIR)/RickAndMorty.app/$(BUNDLE_EXECUTABLE_FOLDER_PATH)/RickAndMorty";
			};
			name = Debug;
		};
		158D00D02B1FBBDA00E049CC /* Release */ = {
			isa = XCBuildConfiguration;
			buildSettings = {
				ALWAYS_EMBED_SWIFT_STANDARD_LIBRARIES = YES;
				BUNDLE_LOADER = "$(TEST_HOST)";
				CODE_SIGN_STYLE = Automatic;
				CURRENT_PROJECT_VERSION = 1;
				DEVELOPMENT_TEAM = 9UMVJMZB96;
				GENERATE_INFOPLIST_FILE = YES;
				IPHONEOS_DEPLOYMENT_TARGET = 17.0;
				MARKETING_VERSION = 1.0;
				PRODUCT_BUNDLE_IDENTIFIER = com.seanveal.RickAndMortyTests;
				PRODUCT_NAME = "$(TARGET_NAME)";
				SWIFT_EMIT_LOC_STRINGS = NO;
				SWIFT_VERSION = 5.0;
				TARGETED_DEVICE_FAMILY = "1,2";
				TEST_HOST = "$(BUILT_PRODUCTS_DIR)/RickAndMorty.app/$(BUNDLE_EXECUTABLE_FOLDER_PATH)/RickAndMorty";
			};
			name = Release;
		};
		158D00D22B1FBBDA00E049CC /* Debug */ = {
			isa = XCBuildConfiguration;
			buildSettings = {
				ALWAYS_EMBED_SWIFT_STANDARD_LIBRARIES = YES;
				CODE_SIGN_STYLE = Automatic;
				CURRENT_PROJECT_VERSION = 1;
				DEVELOPMENT_TEAM = 9UMVJMZB96;
				GENERATE_INFOPLIST_FILE = YES;
				MARKETING_VERSION = 1.0;
				PRODUCT_BUNDLE_IDENTIFIER = com.seanveal.RickAndMortyUITests;
				PRODUCT_NAME = "$(TARGET_NAME)";
				SWIFT_EMIT_LOC_STRINGS = NO;
				SWIFT_VERSION = 5.0;
				TARGETED_DEVICE_FAMILY = "1,2";
				TEST_TARGET_NAME = RickAndMorty;
			};
			name = Debug;
		};
		158D00D32B1FBBDA00E049CC /* Release */ = {
			isa = XCBuildConfiguration;
			buildSettings = {
				ALWAYS_EMBED_SWIFT_STANDARD_LIBRARIES = YES;
				CODE_SIGN_STYLE = Automatic;
				CURRENT_PROJECT_VERSION = 1;
				DEVELOPMENT_TEAM = 9UMVJMZB96;
				GENERATE_INFOPLIST_FILE = YES;
				MARKETING_VERSION = 1.0;
				PRODUCT_BUNDLE_IDENTIFIER = com.seanveal.RickAndMortyUITests;
				PRODUCT_NAME = "$(TARGET_NAME)";
				SWIFT_EMIT_LOC_STRINGS = NO;
				SWIFT_VERSION = 5.0;
				TARGETED_DEVICE_FAMILY = "1,2";
				TEST_TARGET_NAME = RickAndMorty;
			};
			name = Release;
		};
/* End XCBuildConfiguration section */

/* Begin XCConfigurationList section */
		158D009C2B1FBBD900E049CC /* Build configuration list for PBXProject "RickAndMorty" */ = {
			isa = XCConfigurationList;
			buildConfigurations = (
				158D00C92B1FBBDA00E049CC /* Debug */,
				158D00CA2B1FBBDA00E049CC /* Release */,
			);
			defaultConfigurationIsVisible = 0;
			defaultConfigurationName = Release;
		};
		158D00CB2B1FBBDA00E049CC /* Build configuration list for PBXNativeTarget "RickAndMorty" */ = {
			isa = XCConfigurationList;
			buildConfigurations = (
				158D00CC2B1FBBDA00E049CC /* Debug */,
				158D00CD2B1FBBDA00E049CC /* Release */,
			);
			defaultConfigurationIsVisible = 0;
			defaultConfigurationName = Release;
		};
		158D00CE2B1FBBDA00E049CC /* Build configuration list for PBXNativeTarget "RickAndMortyTests" */ = {
			isa = XCConfigurationList;
			buildConfigurations = (
				158D00CF2B1FBBDA00E049CC /* Debug */,
				158D00D02B1FBBDA00E049CC /* Release */,
			);
			defaultConfigurationIsVisible = 0;
			defaultConfigurationName = Release;
		};
		158D00D12B1FBBDA00E049CC /* Build configuration list for PBXNativeTarget "RickAndMortyUITests" */ = {
			isa = XCConfigurationList;
			buildConfigurations = (
				158D00D22B1FBBDA00E049CC /* Debug */,
				158D00D32B1FBBDA00E049CC /* Release */,
			);
			defaultConfigurationIsVisible = 0;
			defaultConfigurationName = Release;
		};
/* End XCConfigurationList section */
	};
	rootObject = 158D00992B1FBBD900E049CC /* Project object */;
}
